// !$*UTF8*$!
{
	archiveVersion = 1;
	classes = {
	};
	objectVersion = 50;
	objects = {

/* Begin PBXBuildFile section */
		4E16510C258A0A3E00CE0942 /* SwiftUIImagePickerView.swift in Sources */ = {isa = PBXBuildFile; fileRef = 4E16510B258A0A3E00CE0942 /* SwiftUIImagePickerView.swift */; };
		8F755AA02588C86E00C3CB72 /* workshopApp.swift in Sources */ = {isa = PBXBuildFile; fileRef = 8F755A9F2588C86E00C3CB72 /* workshopApp.swift */; };
		8F755AA22588C86E00C3CB72 /* ContentView.swift in Sources */ = {isa = PBXBuildFile; fileRef = 8F755AA12588C86E00C3CB72 /* ContentView.swift */; };
		8F755AA42588C87200C3CB72 /* Assets.xcassets in Resources */ = {isa = PBXBuildFile; fileRef = 8F755AA32588C87200C3CB72 /* Assets.xcassets */; };
		8F755AA72588C87200C3CB72 /* Preview Assets.xcassets in Resources */ = {isa = PBXBuildFile; fileRef = 8F755AA62588C87200C3CB72 /* Preview Assets.xcassets */; };
		8F755AB82589066D00C3CB72 /* StartView.swift in Sources */ = {isa = PBXBuildFile; fileRef = 8F755AB72589066D00C3CB72 /* StartView.swift */; };
		8F755ABB25890C3A00C3CB72 /* StartViewModel.swift in Sources */ = {isa = PBXBuildFile; fileRef = 8F755ABA25890C3A00C3CB72 /* StartViewModel.swift */; };
		A0080DA6258A1B8900204DDE /* PagingView.swift in Sources */ = {isa = PBXBuildFile; fileRef = A0080DA5258A1B8900204DDE /* PagingView.swift */; };
/* End PBXBuildFile section */

/* Begin PBXFileReference section */
		4E16510B258A0A3E00CE0942 /* SwiftUIImagePickerView.swift */ = {isa = PBXFileReference; fileEncoding = 4; lastKnownFileType = sourcecode.swift; path = SwiftUIImagePickerView.swift; sourceTree = "<group>"; };
		8F755A9C2588C86E00C3CB72 /* workshop.app */ = {isa = PBXFileReference; explicitFileType = wrapper.application; includeInIndex = 0; path = workshop.app; sourceTree = BUILT_PRODUCTS_DIR; };
		8F755A9F2588C86E00C3CB72 /* workshopApp.swift */ = {isa = PBXFileReference; lastKnownFileType = sourcecode.swift; path = workshopApp.swift; sourceTree = "<group>"; };
		8F755AA12588C86E00C3CB72 /* ContentView.swift */ = {isa = PBXFileReference; lastKnownFileType = sourcecode.swift; path = ContentView.swift; sourceTree = "<group>"; };
		8F755AA32588C87200C3CB72 /* Assets.xcassets */ = {isa = PBXFileReference; lastKnownFileType = folder.assetcatalog; path = Assets.xcassets; sourceTree = "<group>"; };
		8F755AA62588C87200C3CB72 /* Preview Assets.xcassets */ = {isa = PBXFileReference; lastKnownFileType = folder.assetcatalog; path = "Preview Assets.xcassets"; sourceTree = "<group>"; };
		8F755AA82588C87200C3CB72 /* Info.plist */ = {isa = PBXFileReference; lastKnownFileType = text.plist.xml; path = Info.plist; sourceTree = "<group>"; };
		8F755AB72589066D00C3CB72 /* StartView.swift */ = {isa = PBXFileReference; lastKnownFileType = sourcecode.swift; path = StartView.swift; sourceTree = "<group>"; };
		8F755ABA25890C3A00C3CB72 /* StartViewModel.swift */ = {isa = PBXFileReference; lastKnownFileType = sourcecode.swift; path = StartViewModel.swift; sourceTree = "<group>"; };
		A0080DA5258A1B8900204DDE /* PagingView.swift */ = {isa = PBXFileReference; lastKnownFileType = sourcecode.swift; path = PagingView.swift; sourceTree = "<group>"; };
/* End PBXFileReference section */

/* Begin PBXFrameworksBuildPhase section */
		8F755A992588C86E00C3CB72 /* Frameworks */ = {
			isa = PBXFrameworksBuildPhase;
			buildActionMask = 2147483647;
			files = (
			);
			runOnlyForDeploymentPostprocessing = 0;
		};
/* End PBXFrameworksBuildPhase section */

/* Begin PBXGroup section */
		4E16510A258A0A0E00CE0942 /* Lib */ = {
			isa = PBXGroup;
			children = (
				4E16510B258A0A3E00CE0942 /* SwiftUIImagePickerView.swift */,
				A0080DA5258A1B8900204DDE /* PagingView.swift */,
			);
			path = Lib;
			sourceTree = "<group>";
		};
		8F755A932588C86E00C3CB72 = {
			isa = PBXGroup;
			children = (
				8F755A9E2588C86E00C3CB72 /* workshop */,
				8F755A9D2588C86E00C3CB72 /* Products */,
			);
			sourceTree = "<group>";
		};
		8F755A9D2588C86E00C3CB72 /* Products */ = {
			isa = PBXGroup;
			children = (
				8F755A9C2588C86E00C3CB72 /* workshop.app */,
			);
			name = Products;
			sourceTree = "<group>";
		};
		8F755A9E2588C86E00C3CB72 /* workshop */ = {
			isa = PBXGroup;
			children = (
				4E16510A258A0A0E00CE0942 /* Lib */,
				8F755AB52588D89B00C3CB72 /* UI */,
				8F755AB42588D87C00C3CB72 /* System */,
				8F755AB32588D86600C3CB72 /* Services */,
				8F755AB22588D84D00C3CB72 /* Repositories */,
				8F755AB12588D83400C3CB72 /* Persistence */,
				8F755AB02588D82A00C3CB72 /* Models */,
				8F755AA32588C87200C3CB72 /* Assets.xcassets */,
				8F755AA82588C87200C3CB72 /* Info.plist */,
				8F755AA52588C87200C3CB72 /* Preview Content */,
			);
			path = workshop;
			sourceTree = "<group>";
		};
		8F755AA52588C87200C3CB72 /* Preview Content */ = {
			isa = PBXGroup;
			children = (
				8F755AA62588C87200C3CB72 /* Preview Assets.xcassets */,
			);
			path = "Preview Content";
			sourceTree = "<group>";
		};
		8F755AB02588D82A00C3CB72 /* Models */ = {
			isa = PBXGroup;
			children = (
			);
			path = Models;
			sourceTree = "<group>";
		};
		8F755AB12588D83400C3CB72 /* Persistence */ = {
			isa = PBXGroup;
			children = (
			);
			path = Persistence;
			sourceTree = "<group>";
		};
		8F755AB22588D84D00C3CB72 /* Repositories */ = {
			isa = PBXGroup;
			children = (
			);
			path = Repositories;
			sourceTree = "<group>";
		};
		8F755AB32588D86600C3CB72 /* Services */ = {
			isa = PBXGroup;
			children = (
			);
			path = Services;
			sourceTree = "<group>";
		};
		8F755AB42588D87C00C3CB72 /* System */ = {
			isa = PBXGroup;
			children = (
				8F755A9F2588C86E00C3CB72 /* workshopApp.swift */,
			);
			path = System;
			sourceTree = "<group>";
		};
		8F755AB52588D89B00C3CB72 /* UI */ = {
			isa = PBXGroup;
			children = (
				8F755AA12588C86E00C3CB72 /* ContentView.swift */,
				8F755AC32589150900C3CB72 /* Start */,
			);
			path = UI;
			sourceTree = "<group>";
		};
		8F755AC32589150900C3CB72 /* Start */ = {
			isa = PBXGroup;
			children = (
				8F755AB72589066D00C3CB72 /* StartView.swift */,
				8F755ABA25890C3A00C3CB72 /* StartViewModel.swift */,
			);
			path = Start;
			sourceTree = "<group>";
		};
/* End PBXGroup section */

/* Begin PBXNativeTarget section */
		8F755A9B2588C86E00C3CB72 /* workshop */ = {
			isa = PBXNativeTarget;
			buildConfigurationList = 8F755AAB2588C87200C3CB72 /* Build configuration list for PBXNativeTarget "workshop" */;
			buildPhases = (
				8F755A982588C86E00C3CB72 /* Sources */,
				8F755A992588C86E00C3CB72 /* Frameworks */,
				8F755A9A2588C86E00C3CB72 /* Resources */,
			);
			buildRules = (
			);
			dependencies = (
			);
			name = workshop;
			productName = workshop;
			productReference = 8F755A9C2588C86E00C3CB72 /* workshop.app */;
			productType = "com.apple.product-type.application";
		};
/* End PBXNativeTarget section */

/* Begin PBXProject section */
		8F755A942588C86E00C3CB72 /* Project object */ = {
			isa = PBXProject;
			attributes = {
				LastSwiftUpdateCheck = 1220;
				LastUpgradeCheck = 1220;
				TargetAttributes = {
					8F755A9B2588C86E00C3CB72 = {
						CreatedOnToolsVersion = 12.2;
					};
				};
			};
			buildConfigurationList = 8F755A972588C86E00C3CB72 /* Build configuration list for PBXProject "workshop" */;
			compatibilityVersion = "Xcode 9.3";
			developmentRegion = en;
			hasScannedForEncodings = 0;
			knownRegions = (
				en,
				Base,
			);
			mainGroup = 8F755A932588C86E00C3CB72;
			productRefGroup = 8F755A9D2588C86E00C3CB72 /* Products */;
			projectDirPath = "";
			projectRoot = "";
			targets = (
				8F755A9B2588C86E00C3CB72 /* workshop */,
			);
		};
/* End PBXProject section */

/* Begin PBXResourcesBuildPhase section */
		8F755A9A2588C86E00C3CB72 /* Resources */ = {
			isa = PBXResourcesBuildPhase;
			buildActionMask = 2147483647;
			files = (
				8F755AA72588C87200C3CB72 /* Preview Assets.xcassets in Resources */,
				8F755AA42588C87200C3CB72 /* Assets.xcassets in Resources */,
			);
			runOnlyForDeploymentPostprocessing = 0;
		};
/* End PBXResourcesBuildPhase section */

/* Begin PBXSourcesBuildPhase section */
		8F755A982588C86E00C3CB72 /* Sources */ = {
			isa = PBXSourcesBuildPhase;
			buildActionMask = 2147483647;
			files = (
				A0080DA6258A1B8900204DDE /* PagingView.swift in Sources */,
				8F755AB82589066D00C3CB72 /* StartView.swift in Sources */,
				4E16510C258A0A3E00CE0942 /* SwiftUIImagePickerView.swift in Sources */,
				8F755ABB25890C3A00C3CB72 /* StartViewModel.swift in Sources */,
				8F755AA22588C86E00C3CB72 /* ContentView.swift in Sources */,
				8F755AA02588C86E00C3CB72 /* workshopApp.swift in Sources */,
			);
			runOnlyForDeploymentPostprocessing = 0;
		};
/* End PBXSourcesBuildPhase section */

/* Begin XCBuildConfiguration section */
		8F755AA92588C87200C3CB72 /* Debug */ = {
			isa = XCBuildConfiguration;
			buildSettings = {
				ALWAYS_SEARCH_USER_PATHS = NO;
				CLANG_ANALYZER_NONNULL = YES;
				CLANG_ANALYZER_NUMBER_OBJECT_CONVERSION = YES_AGGRESSIVE;
				CLANG_CXX_LANGUAGE_STANDARD = "gnu++14";
				CLANG_CXX_LIBRARY = "libc++";
				CLANG_ENABLE_MODULES = YES;
				CLANG_ENABLE_OBJC_ARC = YES;
				CLANG_ENABLE_OBJC_WEAK = YES;
				CLANG_WARN_BLOCK_CAPTURE_AUTORELEASING = YES;
				CLANG_WARN_BOOL_CONVERSION = YES;
				CLANG_WARN_COMMA = YES;
				CLANG_WARN_CONSTANT_CONVERSION = YES;
				CLANG_WARN_DEPRECATED_OBJC_IMPLEMENTATIONS = YES;
				CLANG_WARN_DIRECT_OBJC_ISA_USAGE = YES_ERROR;
				CLANG_WARN_DOCUMENTATION_COMMENTS = YES;
				CLANG_WARN_EMPTY_BODY = YES;
				CLANG_WARN_ENUM_CONVERSION = YES;
				CLANG_WARN_INFINITE_RECURSION = YES;
				CLANG_WARN_INT_CONVERSION = YES;
				CLANG_WARN_NON_LITERAL_NULL_CONVERSION = YES;
				CLANG_WARN_OBJC_IMPLICIT_RETAIN_SELF = YES;
				CLANG_WARN_OBJC_LITERAL_CONVERSION = YES;
				CLANG_WARN_OBJC_ROOT_CLASS = YES_ERROR;
				CLANG_WARN_QUOTED_INCLUDE_IN_FRAMEWORK_HEADER = YES;
				CLANG_WARN_RANGE_LOOP_ANALYSIS = YES;
				CLANG_WARN_STRICT_PROTOTYPES = YES;
				CLANG_WARN_SUSPICIOUS_MOVE = YES;
				CLANG_WARN_UNGUARDED_AVAILABILITY = YES_AGGRESSIVE;
				CLANG_WARN_UNREACHABLE_CODE = YES;
				CLANG_WARN__DUPLICATE_METHOD_MATCH = YES;
				COPY_PHASE_STRIP = NO;
				DEBUG_INFORMATION_FORMAT = dwarf;
				ENABLE_STRICT_OBJC_MSGSEND = YES;
				ENABLE_TESTABILITY = YES;
				GCC_C_LANGUAGE_STANDARD = gnu11;
				GCC_DYNAMIC_NO_PIC = NO;
				GCC_NO_COMMON_BLOCKS = YES;
				GCC_OPTIMIZATION_LEVEL = 0;
				GCC_PREPROCESSOR_DEFINITIONS = (
					"DEBUG=1",
					"$(inherited)",
				);
				GCC_WARN_64_TO_32_BIT_CONVERSION = YES;
				GCC_WARN_ABOUT_RETURN_TYPE = YES_ERROR;
				GCC_WARN_UNDECLARED_SELECTOR = YES;
				GCC_WARN_UNINITIALIZED_AUTOS = YES_AGGRESSIVE;
				GCC_WARN_UNUSED_FUNCTION = YES;
				GCC_WARN_UNUSED_VARIABLE = YES;
				IPHONEOS_DEPLOYMENT_TARGET = 14.2;
				MTL_ENABLE_DEBUG_INFO = INCLUDE_SOURCE;
				MTL_FAST_MATH = YES;
				ONLY_ACTIVE_ARCH = YES;
				SDKROOT = iphoneos;
				SWIFT_ACTIVE_COMPILATION_CONDITIONS = DEBUG;
				SWIFT_OPTIMIZATION_LEVEL = "-Onone";
			};
			name = Debug;
		};
		8F755AAA2588C87200C3CB72 /* Release */ = {
			isa = XCBuildConfiguration;
			buildSettings = {
				ALWAYS_SEARCH_USER_PATHS = NO;
				CLANG_ANALYZER_NONNULL = YES;
				CLANG_ANALYZER_NUMBER_OBJECT_CONVERSION = YES_AGGRESSIVE;
				CLANG_CXX_LANGUAGE_STANDARD = "gnu++14";
				CLANG_CXX_LIBRARY = "libc++";
				CLANG_ENABLE_MODULES = YES;
				CLANG_ENABLE_OBJC_ARC = YES;
				CLANG_ENABLE_OBJC_WEAK = YES;
				CLANG_WARN_BLOCK_CAPTURE_AUTORELEASING = YES;
				CLANG_WARN_BOOL_CONVERSION = YES;
				CLANG_WARN_COMMA = YES;
				CLANG_WARN_CONSTANT_CONVERSION = YES;
				CLANG_WARN_DEPRECATED_OBJC_IMPLEMENTATIONS = YES;
				CLANG_WARN_DIRECT_OBJC_ISA_USAGE = YES_ERROR;
				CLANG_WARN_DOCUMENTATION_COMMENTS = YES;
				CLANG_WARN_EMPTY_BODY = YES;
				CLANG_WARN_ENUM_CONVERSION = YES;
				CLANG_WARN_INFINITE_RECURSION = YES;
				CLANG_WARN_INT_CONVERSION = YES;
				CLANG_WARN_NON_LITERAL_NULL_CONVERSION = YES;
				CLANG_WARN_OBJC_IMPLICIT_RETAIN_SELF = YES;
				CLANG_WARN_OBJC_LITERAL_CONVERSION = YES;
				CLANG_WARN_OBJC_ROOT_CLASS = YES_ERROR;
				CLANG_WARN_QUOTED_INCLUDE_IN_FRAMEWORK_HEADER = YES;
				CLANG_WARN_RANGE_LOOP_ANALYSIS = YES;
				CLANG_WARN_STRICT_PROTOTYPES = YES;
				CLANG_WARN_SUSPICIOUS_MOVE = YES;
				CLANG_WARN_UNGUARDED_AVAILABILITY = YES_AGGRESSIVE;
				CLANG_WARN_UNREACHABLE_CODE = YES;
				CLANG_WARN__DUPLICATE_METHOD_MATCH = YES;
				COPY_PHASE_STRIP = NO;
				DEBUG_INFORMATION_FORMAT = "dwarf-with-dsym";
				ENABLE_NS_ASSERTIONS = NO;
				ENABLE_STRICT_OBJC_MSGSEND = YES;
				GCC_C_LANGUAGE_STANDARD = gnu11;
				GCC_NO_COMMON_BLOCKS = YES;
				GCC_WARN_64_TO_32_BIT_CONVERSION = YES;
				GCC_WARN_ABOUT_RETURN_TYPE = YES_ERROR;
				GCC_WARN_UNDECLARED_SELECTOR = YES;
				GCC_WARN_UNINITIALIZED_AUTOS = YES_AGGRESSIVE;
				GCC_WARN_UNUSED_FUNCTION = YES;
				GCC_WARN_UNUSED_VARIABLE = YES;
				IPHONEOS_DEPLOYMENT_TARGET = 14.2;
				MTL_ENABLE_DEBUG_INFO = NO;
				MTL_FAST_MATH = YES;
				SDKROOT = iphoneos;
				SWIFT_COMPILATION_MODE = wholemodule;
				SWIFT_OPTIMIZATION_LEVEL = "-O";
				VALIDATE_PRODUCT = YES;
			};
			name = Release;
		};
		8F755AAC2588C87200C3CB72 /* Debug */ = {
			isa = XCBuildConfiguration;
			buildSettings = {
				ASSETCATALOG_COMPILER_APPICON_NAME = AppIcon;
				ASSETCATALOG_COMPILER_GLOBAL_ACCENT_COLOR_NAME = AccentColor;
				CODE_SIGN_STYLE = Automatic;
				DEVELOPMENT_ASSET_PATHS = "\"workshop/Preview Content\"";
				DEVELOPMENT_TEAM = "";
				ENABLE_PREVIEWS = YES;
				INFOPLIST_FILE = workshop/Info.plist;
				IPHONEOS_DEPLOYMENT_TARGET = 14.0;
				LD_RUNPATH_SEARCH_PATHS = (
					"$(inherited)",
					"@executable_path/Frameworks",
				);
				PRODUCT_BUNDLE_IDENTIFIER = test.workshop;
				PRODUCT_NAME = "$(TARGET_NAME)";
				SWIFT_VERSION = 5.0;
				TARGETED_DEVICE_FAMILY = "1,2";
			};
			name = Debug;
		};
		8F755AAD2588C87200C3CB72 /* Release */ = {
			isa = XCBuildConfiguration;
			buildSettings = {
				ASSETCATALOG_COMPILER_APPICON_NAME = AppIcon;
				ASSETCATALOG_COMPILER_GLOBAL_ACCENT_COLOR_NAME = AccentColor;
				CODE_SIGN_STYLE = Automatic;
				DEVELOPMENT_ASSET_PATHS = "\"workshop/Preview Content\"";
				DEVELOPMENT_TEAM = "";
				ENABLE_PREVIEWS = YES;
				INFOPLIST_FILE = workshop/Info.plist;
				IPHONEOS_DEPLOYMENT_TARGET = 14.0;
				LD_RUNPATH_SEARCH_PATHS = (
					"$(inherited)",
					"@executable_path/Frameworks",
				);
				PRODUCT_BUNDLE_IDENTIFIER = test.workshop;
				PRODUCT_NAME = "$(TARGET_NAME)";
				SWIFT_VERSION = 5.0;
				TARGETED_DEVICE_FAMILY = "1,2";
			};
			name = Release;
		};
/* End XCBuildConfiguration section */

/* Begin XCConfigurationList section */
		8F755A972588C86E00C3CB72 /* Build configuration list for PBXProject "workshop" */ = {
			isa = XCConfigurationList;
			buildConfigurations = (
				8F755AA92588C87200C3CB72 /* Debug */,
				8F755AAA2588C87200C3CB72 /* Release */,
			);
			defaultConfigurationIsVisible = 0;
			defaultConfigurationName = Release;
		};
		8F755AAB2588C87200C3CB72 /* Build configuration list for PBXNativeTarget "workshop" */ = {
			isa = XCConfigurationList;
			buildConfigurations = (
				8F755AAC2588C87200C3CB72 /* Debug */,
				8F755AAD2588C87200C3CB72 /* Release */,
			);
			defaultConfigurationIsVisible = 0;
			defaultConfigurationName = Release;
		};
/* End XCConfigurationList section */
	};
	rootObject = 8F755A942588C86E00C3CB72 /* Project object */;
}
